
Microsoft Visual Studio Solution File, Format Version 12.00
# Visual Studio Version 17
VisualStudioVersion = 17.14.36429.23 d17.14
MinimumVisualStudioVersion = 10.0.40219.1
Project("{FAE04EC0-301F-11D3-BF4B-00C04F79EFBC}") = "Ex1", "ConsoleApp1\Ex1.csproj", "{32C241AC-F840-4D7D-B04F-CA3460EC36B6}"
EndProject
Project("{FAE04EC0-301F-11D3-BF4B-00C04F79EFBC}") = "Ex2", "ConsoleApp2\Ex2.csproj", "{AFB54C3F-14DD-4BE1-AE4A-82038896A69A}"
EndProject
Project("{FAE04EC0-301F-11D3-BF4B-00C04F79EFBC}") = "Ex3", "Ex3\Ex3.csproj", "{C57BDECF-EB3D-4110-BFF7-EBE6D64F3F0D}"
EndProject
Project("{FAE04EC0-301F-11D3-BF4B-00C04F79EFBC}") = "Ex4", "Ex4\Ex4.csproj", "{7EF36D10-C370-4784-9A50-7C2083AA8A63}"
EndProject
Project("{FAE04EC0-301F-11D3-BF4B-00C04F79EFBC}") = "Ex5", "Ex5\Ex5.csproj", "{BC1C3733-91E2-46AC-A871-AC2144C3EF35}"
EndProject
Project("{FAE04EC0-301F-11D3-BF4B-00C04F79EFBC}") = "Ex6", "Ex6\Ex6.csproj", "{9B05BF9F-89EB-4D70-84D1-74FB41701E0B}"
EndProject
Project("{FAE04EC0-301F-11D3-BF4B-00C04F79EFBC}") = "Ex7", "Ex7\Ex7.csproj", "{18C49598-2891-4AB9-A6DA-66F012EF4BFF}"
EndProject
Project("{FAE04EC0-301F-11D3-BF4B-00C04F79EFBC}") = "Ex8", "Ex8\Ex8.csproj", "{B02519A9-BA22-4301-BC47-C6C6AB0084F6}"
EndProject
Project("{FAE04EC0-301F-11D3-BF4B-00C04F79EFBC}") = "Ex9", "Ex9\Ex9.csproj", "{2E684F75-AE5E-48E3-BC43-2CB21418F4D0}"
EndProject
Project("{FAE04EC0-301F-11D3-BF4B-00C04F79EFBC}") = "Ex10", "Ex10\Ex10.csproj", "{ACFEFD2A-CE67-4F72-ADF4-2710159A1367}"
EndProject
Project("{FAE04EC0-301F-11D3-BF4B-00C04F79EFBC}") = "Ex11", "Ex11\Ex11.csproj", "{3FA1D500-B4C6-498B-ACDE-0E6D7B77C867}"
EndProject
Project("{FAE04EC0-301F-11D3-BF4B-00C04F79EFBC}") = "Ex12", "Ex12\Ex12.csproj", "{FBC237CF-DF71-4300-B332-900FE2084CC4}"
EndProject
Project("{FAE04EC0-301F-11D3-BF4B-00C04F79EFBC}") = "Ex13", "Ex13\Ex13.csproj", "{CD6AEEFF-3158-47EF-8C0B-4FB7312806A9}"
EndProject
Project("{FAE04EC0-301F-11D3-BF4B-00C04F79EFBC}") = "Ex14", "Ex14\Ex14.csproj", "{4A9F27D6-DE8D-46BB-A373-FBE57DAA7424}"
EndProject
Global
	GlobalSection(SolutionConfigurationPlatforms) = preSolution
		Debug|Any CPU = Debug|Any CPU
		Release|Any CPU = Release|Any CPU
	EndGlobalSection
	GlobalSection(ProjectConfigurationPlatforms) = postSolution
		{32C241AC-F840-4D7D-B04F-CA3460EC36B6}.Debug|Any CPU.ActiveCfg = Debug|Any CPU
		{32C241AC-F840-4D7D-B04F-CA3460EC36B6}.Debug|Any CPU.Build.0 = Debug|Any CPU
		{32C241AC-F840-4D7D-B04F-CA3460EC36B6}.Release|Any CPU.ActiveCfg = Release|Any CPU
		{32C241AC-F840-4D7D-B04F-CA3460EC36B6}.Release|Any CPU.Build.0 = Release|Any CPU
		{AFB54C3F-14DD-4BE1-AE4A-82038896A69A}.Debug|Any CPU.ActiveCfg = Debug|Any CPU
		{AFB54C3F-14DD-4BE1-AE4A-82038896A69A}.Debug|Any CPU.Build.0 = Debug|Any CPU
		{AFB54C3F-14DD-4BE1-AE4A-82038896A69A}.Release|Any CPU.ActiveCfg = Release|Any CPU
		{AFB54C3F-14DD-4BE1-AE4A-82038896A69A}.Release|Any CPU.Build.0 = Release|Any CPU
		{C57BDECF-EB3D-4110-BFF7-EBE6D64F3F0D}.Debug|Any CPU.ActiveCfg = Debug|Any CPU
		{C57BDECF-EB3D-4110-BFF7-EBE6D64F3F0D}.Debug|Any CPU.Build.0 = Debug|Any CPU
		{C57BDECF-EB3D-4110-BFF7-EBE6D64F3F0D}.Release|Any CPU.ActiveCfg = Release|Any CPU
		{C57BDECF-EB3D-4110-BFF7-EBE6D64F3F0D}.Release|Any CPU.Build.0 = Release|Any CPU
		{7EF36D10-C370-4784-9A50-7C2083AA8A63}.Debug|Any CPU.ActiveCfg = Debug|Any CPU
		{7EF36D10-C370-4784-9A50-7C2083AA8A63}.Debug|Any CPU.Build.0 = Debug|Any CPU
		{7EF36D10-C370-4784-9A50-7C2083AA8A63}.Release|Any CPU.ActiveCfg = Release|Any CPU
		{7EF36D10-C370-4784-9A50-7C2083AA8A63}.Release|Any CPU.Build.0 = Release|Any CPU
		{BC1C3733-91E2-46AC-A871-AC2144C3EF35}.Debug|Any CPU.ActiveCfg = Debug|Any CPU
		{BC1C3733-91E2-46AC-A871-AC2144C3EF35}.Debug|Any CPU.Build.0 = Debug|Any CPU
		{BC1C3733-91E2-46AC-A871-AC2144C3EF35}.Release|Any CPU.ActiveCfg = Release|Any CPU
		{BC1C3733-91E2-46AC-A871-AC2144C3EF35}.Release|Any CPU.Build.0 = Release|Any CPU
		{9B05BF9F-89EB-4D70-84D1-74FB41701E0B}.Debug|Any CPU.ActiveCfg = Debug|Any CPU
		{9B05BF9F-89EB-4D70-84D1-74FB41701E0B}.Debug|Any CPU.Build.0 = Debug|Any CPU
		{9B05BF9F-89EB-4D70-84D1-74FB41701E0B}.Release|Any CPU.ActiveCfg = Release|Any CPU
		{9B05BF9F-89EB-4D70-84D1-74FB41701E0B}.Release|Any CPU.Build.0 = Release|Any CPU
		{18C49598-2891-4AB9-A6DA-66F012EF4BFF}.Debug|Any CPU.ActiveCfg = Debug|Any CPU
		{18C49598-2891-4AB9-A6DA-66F012EF4BFF}.Debug|Any CPU.Build.0 = Debug|Any CPU
		{18C49598-2891-4AB9-A6DA-66F012EF4BFF}.Release|Any CPU.ActiveCfg = Release|Any CPU
		{18C49598-2891-4AB9-A6DA-66F012EF4BFF}.Release|Any CPU.Build.0 = Release|Any CPU
		{B02519A9-BA22-4301-BC47-C6C6AB0084F6}.Debug|Any CPU.ActiveCfg = Debug|Any CPU
		{B02519A9-BA22-4301-BC47-C6C6AB0084F6}.Debug|Any CPU.Build.0 = Debug|Any CPU
		{B02519A9-BA22-4301-BC47-C6C6AB0084F6}.Release|Any CPU.ActiveCfg = Release|Any CPU
		{B02519A9-BA22-4301-BC47-C6C6AB0084F6}.Release|Any CPU.Build.0 = Release|Any CPU
		{2E684F75-AE5E-48E3-BC43-2CB21418F4D0}.Debug|Any CPU.ActiveCfg = Debug|Any CPU
		{2E684F75-AE5E-48E3-BC43-2CB21418F4D0}.Debug|Any CPU.Build.0 = Debug|Any CPU
		{2E684F75-AE5E-48E3-BC43-2CB21418F4D0}.Release|Any CPU.ActiveCfg = Release|Any CPU
		{2E684F75-AE5E-48E3-BC43-2CB21418F4D0}.Release|Any CPU.Build.0 = Release|Any CPU
		{ACFEFD2A-CE67-4F72-ADF4-2710159A1367}.Debug|Any CPU.ActiveCfg = Debug|Any CPU
		{ACFEFD2A-CE67-4F72-ADF4-2710159A1367}.Debug|Any CPU.Build.0 = Debug|Any CPU
		{ACFEFD2A-CE67-4F72-ADF4-2710159A1367}.Release|Any CPU.ActiveCfg = Release|Any CPU
		{ACFEFD2A-CE67-4F72-ADF4-2710159A1367}.Release|Any CPU.Build.0 = Release|Any CPU
		{3FA1D500-B4C6-498B-ACDE-0E6D7B77C867}.Debug|Any CPU.ActiveCfg = Debug|Any CPU
		{3FA1D500-B4C6-498B-ACDE-0E6D7B77C867}.Debug|Any CPU.Build.0 = Debug|Any CPU
		{3FA1D500-B4C6-498B-ACDE-0E6D7B77C867}.Release|Any CPU.ActiveCfg = Release|Any CPU
		{3FA1D500-B4C6-498B-ACDE-0E6D7B77C867}.Release|Any CPU.Build.0 = Release|Any CPU
		{FBC237CF-DF71-4300-B332-900FE2084CC4}.Debug|Any CPU.ActiveCfg = Debug|Any CPU
		{FBC237CF-DF71-4300-B332-900FE2084CC4}.Debug|Any CPU.Build.0 = Debug|Any CPU
		{FBC237CF-DF71-4300-B332-900FE2084CC4}.Release|Any CPU.ActiveCfg = Release|Any CPU
		{FBC237CF-DF71-4300-B332-900FE2084CC4}.Release|Any CPU.Build.0 = Release|Any CPU
		{CD6AEEFF-3158-47EF-8C0B-4FB7312806A9}.Debug|Any CPU.ActiveCfg = Debug|Any CPU
		{CD6AEEFF-3158-47EF-8C0B-4FB7312806A9}.Debug|Any CPU.Build.0 = Debug|Any CPU
		{CD6AEEFF-3158-47EF-8C0B-4FB7312806A9}.Release|Any CPU.ActiveCfg = Release|Any CPU
		{CD6AEEFF-3158-47EF-8C0B-4FB7312806A9}.Release|Any CPU.Build.0 = Release|Any CPU
		{4A9F27D6-DE8D-46BB-A373-FBE57DAA7424}.Debug|Any CPU.ActiveCfg = Debug|Any CPU
		{4A9F27D6-DE8D-46BB-A373-FBE57DAA7424}.Debug|Any CPU.Build.0 = Debug|Any CPU
		{4A9F27D6-DE8D-46BB-A373-FBE57DAA7424}.Release|Any CPU.ActiveCfg = Release|Any CPU
		{4A9F27D6-DE8D-46BB-A373-FBE57DAA7424}.Release|Any CPU.Build.0 = Release|Any CPU
	EndGlobalSection
	GlobalSection(SolutionProperties) = preSolution
		HideSolutionNode = FALSE
	EndGlobalSection
	GlobalSection(ExtensibilityGlobals) = postSolution
		SolutionGuid = {43FD718B-06EE-4224-9EF6-C5DE55571A57}
	EndGlobalSection
EndGlobal
